// !$*UTF8*$!
{
	archiveVersion = 1;
	classes = {
	};
	objectVersion = 50;
	objects = {

/* Begin PBXBuildFile section */
		C0CB183B2218EB1200FFA06D /* AppDelegate.swift in Sources */ = {isa = PBXBuildFile; fileRef = C0CB183A2218EB1200FFA06D /* AppDelegate.swift */; };
		C0CB183D2218EB1200FFA06D /* ViewController.swift in Sources */ = {isa = PBXBuildFile; fileRef = C0CB183C2218EB1200FFA06D /* ViewController.swift */; };
		C0CB18402218EB1200FFA06D /* Main.storyboard in Resources */ = {isa = PBXBuildFile; fileRef = C0CB183E2218EB1200FFA06D /* Main.storyboard */; };
		C0CB18422218EB1400FFA06D /* Assets.xcassets in Resources */ = {isa = PBXBuildFile; fileRef = C0CB18412218EB1400FFA06D /* Assets.xcassets */; };
		C0CB18452218EB1400FFA06D /* LaunchScreen.storyboard in Resources */ = {isa = PBXBuildFile; fileRef = C0CB18432218EB1400FFA06D /* LaunchScreen.storyboard */; };
		C0CB18502218EB1400FFA06D /* FlixTests.swift in Sources */ = {isa = PBXBuildFile; fileRef = C0CB184F2218EB1400FFA06D /* FlixTests.swift */; };
		C0CB185B2218EB1400FFA06D /* FlixUITests.swift in Sources */ = {isa = PBXBuildFile; fileRef = C0CB185A2218EB1400FFA06D /* FlixUITests.swift */; };
/* End PBXBuildFile section */

/* Begin PBXContainerItemProxy section */
		C0CB184C2218EB1400FFA06D /* PBXContainerItemProxy */ = {
			isa = PBXContainerItemProxy;
			containerPortal = C0CB182F2218EB1200FFA06D /* Project object */;
			proxyType = 1;
			remoteGlobalIDString = C0CB18362218EB1200FFA06D;
			remoteInfo = Flix;
		};
		C0CB18572218EB1400FFA06D /* PBXContainerItemProxy */ = {
			isa = PBXContainerItemProxy;
			containerPortal = C0CB182F2218EB1200FFA06D /* Project object */;
			proxyType = 1;
			remoteGlobalIDString = C0CB18362218EB1200FFA06D;
			remoteInfo = Flix;
		};
/* End PBXContainerItemProxy section */

/* Begin PBXFileReference section */
		C0CB18372218EB1200FFA06D /* Flix.app */ = {isa = PBXFileReference; explicitFileType = wrapper.application; includeInIndex = 0; path = Flix.app; sourceTree = BUILT_PRODUCTS_DIR; };
		C0CB183A2218EB1200FFA06D /* AppDelegate.swift */ = {isa = PBXFileReference; lastKnownFileType = sourcecode.swift; path = AppDelegate.swift; sourceTree = "<group>"; };
		C0CB183C2218EB1200FFA06D /* ViewController.swift */ = {isa = PBXFileReference; lastKnownFileType = sourcecode.swift; path = ViewController.swift; sourceTree = "<group>"; };
		C0CB183F2218EB1200FFA06D /* Base */ = {isa = PBXFileReference; lastKnownFileType = file.storyboard; name = Base; path = Base.lproj/Main.storyboard; sourceTree = "<group>"; };
		C0CB18412218EB1400FFA06D /* Assets.xcassets */ = {isa = PBXFileReference; lastKnownFileType = folder.assetcatalog; path = Assets.xcassets; sourceTree = "<group>"; };
		C0CB18442218EB1400FFA06D /* Base */ = {isa = PBXFileReference; lastKnownFileType = file.storyboard; name = Base; path = Base.lproj/LaunchScreen.storyboard; sourceTree = "<group>"; };
		C0CB18462218EB1400FFA06D /* Info.plist */ = {isa = PBXFileReference; lastKnownFileType = text.plist.xml; path = Info.plist; sourceTree = "<group>"; };
		C0CB184B2218EB1400FFA06D /* FlixTests.xctest */ = {isa = PBXFileReference; explicitFileType = wrapper.cfbundle; includeInIndex = 0; path = FlixTests.xctest; sourceTree = BUILT_PRODUCTS_DIR; };
		C0CB184F2218EB1400FFA06D /* FlixTests.swift */ = {isa = PBXFileReference; lastKnownFileType = sourcecode.swift; path = FlixTests.swift; sourceTree = "<group>"; };
		C0CB18512218EB1400FFA06D /* Info.plist */ = {isa = PBXFileReference; lastKnownFileType = text.plist.xml; path = Info.plist; sourceTree = "<group>"; };
		C0CB18562218EB1400FFA06D /* FlixUITests.xctest */ = {isa = PBXFileReference; explicitFileType = wrapper.cfbundle; includeInIndex = 0; path = FlixUITests.xctest; sourceTree = BUILT_PRODUCTS_DIR; };
		C0CB185A2218EB1400FFA06D /* FlixUITests.swift */ = {isa = PBXFileReference; lastKnownFileType = sourcecode.swift; path = FlixUITests.swift; sourceTree = "<group>"; };
		C0CB185C2218EB1400FFA06D /* Info.plist */ = {isa = PBXFileReference; lastKnownFileType = text.plist.xml; path = Info.plist; sourceTree = "<group>"; };
/* End PBXFileReference section */

/* Begin PBXFrameworksBuildPhase section */
		C0CB18342218EB1200FFA06D /* Frameworks */ = {
			isa = PBXFrameworksBuildPhase;
			buildActionMask = 2147483647;
			files = (
			);
			runOnlyForDeploymentPostprocessing = 0;
		};
		C0CB18482218EB1400FFA06D /* Frameworks */ = {
			isa = PBXFrameworksBuildPhase;
			buildActionMask = 2147483647;
			files = (
			);
			runOnlyForDeploymentPostprocessing = 0;
		};
		C0CB18532218EB1400FFA06D /* Frameworks */ = {
			isa = PBXFrameworksBuildPhase;
			buildActionMask = 2147483647;
			files = (
			);
			runOnlyForDeploymentPostprocessing = 0;
		};
/* End PBXFrameworksBuildPhase section */

/* Begin PBXGroup section */
		C0CB182E2218EB1100FFA06D = {
			isa = PBXGroup;
			children = (
				C0CB18392218EB1200FFA06D /* Flix */,
				C0CB184E2218EB1400FFA06D /* FlixTests */,
				C0CB18592218EB1400FFA06D /* FlixUITests */,
				C0CB18382218EB1200FFA06D /* Products */,
			);
			sourceTree = "<group>";
		};
		C0CB18382218EB1200FFA06D /* Products */ = {
			isa = PBXGroup;
			children = (
				C0CB18372218EB1200FFA06D /* Flix.app */,
				C0CB184B2218EB1400FFA06D /* FlixTests.xctest */,
				C0CB18562218EB1400FFA06D /* FlixUITests.xctest */,
			);
			name = Products;
			sourceTree = "<group>";
		};
		C0CB18392218EB1200FFA06D /* Flix */ = {
			isa = PBXGroup;
			children = (
				C0CB183A2218EB1200FFA06D /* AppDelegate.swift */,
				C0CB183C2218EB1200FFA06D /* ViewController.swift */,
				C0CB183E2218EB1200FFA06D /* Main.storyboard */,
				C0CB18412218EB1400FFA06D /* Assets.xcassets */,
				C0CB18432218EB1400FFA06D /* LaunchScreen.storyboard */,
				C0CB18462218EB1400FFA06D /* Info.plist */,
			);
			path = Flix;
			sourceTree = "<group>";
		};
		C0CB184E2218EB1400FFA06D /* FlixTests */ = {
			isa = PBXGroup;
			children = (
				C0CB184F2218EB1400FFA06D /* FlixTests.swift */,
				C0CB18512218EB1400FFA06D /* Info.plist */,
			);
			path = FlixTests;
			sourceTree = "<group>";
		};
		C0CB18592218EB1400FFA06D /* FlixUITests */ = {
			isa = PBXGroup;
			children = (
				C0CB185A2218EB1400FFA06D /* FlixUITests.swift */,
				C0CB185C2218EB1400FFA06D /* Info.plist */,
			);
			path = FlixUITests;
			sourceTree = "<group>";
		};
/* End PBXGroup section */

/* Begin PBXNativeTarget section */
		C0CB18362218EB1200FFA06D /* Flix */ = {
			isa = PBXNativeTarget;
			buildConfigurationList = C0CB185F2218EB1400FFA06D /* Build configuration list for PBXNativeTarget "Flix" */;
			buildPhases = (
				C0CB18332218EB1200FFA06D /* Sources */,
				C0CB18342218EB1200FFA06D /* Frameworks */,
				C0CB18352218EB1200FFA06D /* Resources */,
			);
			buildRules = (
			);
			dependencies = (
			);
			name = Flix;
			productName = Flix;
			productReference = C0CB18372218EB1200FFA06D /* Flix.app */;
			productType = "com.apple.product-type.application";
		};
		C0CB184A2218EB1400FFA06D /* FlixTests */ = {
			isa = PBXNativeTarget;
			buildConfigurationList = C0CB18622218EB1400FFA06D /* Build configuration list for PBXNativeTarget "FlixTests" */;
			buildPhases = (
				C0CB18472218EB1400FFA06D /* Sources */,
				C0CB18482218EB1400FFA06D /* Frameworks */,
				C0CB18492218EB1400FFA06D /* Resources */,
			);
			buildRules = (
			);
			dependencies = (
				C0CB184D2218EB1400FFA06D /* PBXTargetDependency */,
			);
			name = FlixTests;
			productName = FlixTests;
			productReference = C0CB184B2218EB1400FFA06D /* FlixTests.xctest */;
			productType = "com.apple.product-type.bundle.unit-test";
		};
		C0CB18552218EB1400FFA06D /* FlixUITests */ = {
			isa = PBXNativeTarget;
			buildConfigurationList = C0CB18652218EB1400FFA06D /* Build configuration list for PBXNativeTarget "FlixUITests" */;
			buildPhases = (
				C0CB18522218EB1400FFA06D /* Sources */,
				C0CB18532218EB1400FFA06D /* Frameworks */,
				C0CB18542218EB1400FFA06D /* Resources */,
			);
			buildRules = (
			);
			dependencies = (
				C0CB18582218EB1400FFA06D /* PBXTargetDependency */,
			);
			name = FlixUITests;
			productName = FlixUITests;
			productReference = C0CB18562218EB1400FFA06D /* FlixUITests.xctest */;
			productType = "com.apple.product-type.bundle.ui-testing";
		};
/* End PBXNativeTarget section */

/* Begin PBXProject section */
		C0CB182F2218EB1200FFA06D /* Project object */ = {
			isa = PBXProject;
			attributes = {
				LastSwiftUpdateCheck = 1010;
				LastUpgradeCheck = 1010;
				ORGANIZATIONNAME = "Ruchi Vaidya";
				TargetAttributes = {
					C0CB18362218EB1200FFA06D = {
						CreatedOnToolsVersion = 10.1;
					};
					C0CB184A2218EB1400FFA06D = {
						CreatedOnToolsVersion = 10.1;
						TestTargetID = C0CB18362218EB1200FFA06D;
					};
					C0CB18552218EB1400FFA06D = {
						CreatedOnToolsVersion = 10.1;
						TestTargetID = C0CB18362218EB1200FFA06D;
					};
				};
			};
			buildConfigurationList = C0CB18322218EB1200FFA06D /* Build configuration list for PBXProject "Flix" */;
			compatibilityVersion = "Xcode 9.3";
			developmentRegion = en;
			hasScannedForEncodings = 0;
			knownRegions = (
				en,
				Base,
			);
			mainGroup = C0CB182E2218EB1100FFA06D;
			productRefGroup = C0CB18382218EB1200FFA06D /* Products */;
			projectDirPath = "";
			projectRoot = "";
			targets = (
				C0CB18362218EB1200FFA06D /* Flix */,
				C0CB184A2218EB1400FFA06D /* FlixTests */,
				C0CB18552218EB1400FFA06D /* FlixUITests */,
			);
		};
/* End PBXProject section */

/* Begin PBXResourcesBuildPhase section */
		C0CB18352218EB1200FFA06D /* Resources */ = {
			isa = PBXResourcesBuildPhase;
			buildActionMask = 2147483647;
			files = (
				C0CB18452218EB1400FFA06D /* LaunchScreen.storyboard in Resources */,
				C0CB18422218EB1400FFA06D /* Assets.xcassets in Resources */,
				C0CB18402218EB1200FFA06D /* Main.storyboard in Resources */,
			);
			runOnlyForDeploymentPostprocessing = 0;
		};
		C0CB18492218EB1400FFA06D /* Resources */ = {
			isa = PBXResourcesBuildPhase;
			buildActionMask = 2147483647;
			files = (
			);
			runOnlyForDeploymentPostprocessing = 0;
		};
		C0CB18542218EB1400FFA06D /* Resources */ = {
			isa = PBXResourcesBuildPhase;
			buildActionMask = 2147483647;
			files = (
			);
			runOnlyForDeploymentPostprocessing = 0;
		};
/* End PBXResourcesBuildPhase section */

/* Begin PBXSourcesBuildPhase section */
		C0CB18332218EB1200FFA06D /* Sources */ = {
			isa = PBXSourcesBuildPhase;
			buildActionMask = 2147483647;
			files = (
				C0CB183D2218EB1200FFA06D /* ViewController.swift in Sources */,
				C0CB183B2218EB1200FFA06D /* AppDelegate.swift in Sources */,
			);
			runOnlyForDeploymentPostprocessing = 0;
		};
		C0CB18472218EB1400FFA06D /* Sources */ = {
			isa = PBXSourcesBuildPhase;
			buildActionMask = 2147483647;
			files = (
				C0CB18502218EB1400FFA06D /* FlixTests.swift in Sources */,
			);
			runOnlyForDeploymentPostprocessing = 0;
		};
		C0CB18522218EB1400FFA06D /* Sources */ = {
			isa = PBXSourcesBuildPhase;
			buildActionMask = 2147483647;
			files = (
				C0CB185B2218EB1400FFA06D /* FlixUITests.swift in Sources */,
			);
			runOnlyForDeploymentPostprocessing = 0;
		};
/* End PBXSourcesBuildPhase section */

/* Begin PBXTargetDependency section */
		C0CB184D2218EB1400FFA06D /* PBXTargetDependency */ = {
			isa = PBXTargetDependency;
			target = C0CB18362218EB1200FFA06D /* Flix */;
			targetProxy = C0CB184C2218EB1400FFA06D /* PBXContainerItemProxy */;
		};
		C0CB18582218EB1400FFA06D /* PBXTargetDependency */ = {
			isa = PBXTargetDependency;
			target = C0CB18362218EB1200FFA06D /* Flix */;
			targetProxy = C0CB18572218EB1400FFA06D /* PBXContainerItemProxy */;
		};
/* End PBXTargetDependency section */

/* Begin PBXVariantGroup section */
		C0CB183E2218EB1200FFA06D /* Main.storyboard */ = {
			isa = PBXVariantGroup;
			children = (
				C0CB183F2218EB1200FFA06D /* Base */,
			);
			name = Main.storyboard;
			sourceTree = "<group>";
		};
		C0CB18432218EB1400FFA06D /* LaunchScreen.storyboard */ = {
			isa = PBXVariantGroup;
			children = (
				C0CB18442218EB1400FFA06D /* Base */,
			);
			name = LaunchScreen.storyboard;
			sourceTree = "<group>";
		};
/* End PBXVariantGroup section */

/* Begin XCBuildConfiguration section */
		C0CB185D2218EB1400FFA06D /* Debug */ = {
			isa = XCBuildConfiguration;
			buildSettings = {
				ALWAYS_SEARCH_USER_PATHS = NO;
				CLANG_ANALYZER_NONNULL = YES;
				CLANG_ANALYZER_NUMBER_OBJECT_CONVERSION = YES_AGGRESSIVE;
				CLANG_CXX_LANGUAGE_STANDARD = "gnu++14";
				CLANG_CXX_LIBRARY = "libc++";
				CLANG_ENABLE_MODULES = YES;
				CLANG_ENABLE_OBJC_ARC = YES;
				CLANG_ENABLE_OBJC_WEAK = YES;
				CLANG_WARN_BLOCK_CAPTURE_AUTORELEASING = YES;
				CLANG_WARN_BOOL_CONVERSION = YES;
				CLANG_WARN_COMMA = YES;
				CLANG_WARN_CONSTANT_CONVERSION = YES;
				CLANG_WARN_DEPRECATED_OBJC_IMPLEMENTATIONS = YES;
				CLANG_WARN_DIRECT_OBJC_ISA_USAGE = YES_ERROR;
				CLANG_WARN_DOCUMENTATION_COMMENTS = YES;
				CLANG_WARN_EMPTY_BODY = YES;
				CLANG_WARN_ENUM_CONVERSION = YES;
				CLANG_WARN_INFINITE_RECURSION = YES;
				CLANG_WARN_INT_CONVERSION = YES;
				CLANG_WARN_NON_LITERAL_NULL_CONVERSION = YES;
				CLANG_WARN_OBJC_IMPLICIT_RETAIN_SELF = YES;
				CLANG_WARN_OBJC_LITERAL_CONVERSION = YES;
				CLANG_WARN_OBJC_ROOT_CLASS = YES_ERROR;
				CLANG_WARN_RANGE_LOOP_ANALYSIS = YES;
				CLANG_WARN_STRICT_PROTOTYPES = YES;
				CLANG_WARN_SUSPICIOUS_MOVE = YES;
				CLANG_WARN_UNGUARDED_AVAILABILITY = YES_AGGRESSIVE;
				CLANG_WARN_UNREACHABLE_CODE = YES;
				CLANG_WARN__DUPLICATE_METHOD_MATCH = YES;
				CODE_SIGN_IDENTITY = "iPhone Developer";
				COPY_PHASE_STRIP = NO;
				DEBUG_INFORMATION_FORMAT = dwarf;
				ENABLE_STRICT_OBJC_MSGSEND = YES;
				ENABLE_TESTABILITY = YES;
				GCC_C_LANGUAGE_STANDARD = gnu11;
				GCC_DYNAMIC_NO_PIC = NO;
				GCC_NO_COMMON_BLOCKS = YES;
				GCC_OPTIMIZATION_LEVEL = 0;
				GCC_PREPROCESSOR_DEFINITIONS = (
					"DEBUG=1",
					"$(inherited)",
				);
				GCC_WARN_64_TO_32_BIT_CONVERSION = YES;
				GCC_WARN_ABOUT_RETURN_TYPE = YES_ERROR;
				GCC_WARN_UNDECLARED_SELECTOR = YES;
				GCC_WARN_UNINITIALIZED_AUTOS = YES_AGGRESSIVE;
				GCC_WARN_UNUSED_FUNCTION = YES;
				GCC_WARN_UNUSED_VARIABLE = YES;
				IPHONEOS_DEPLOYMENT_TARGET = 12.1;
				MTL_ENABLE_DEBUG_INFO = INCLUDE_SOURCE;
				MTL_FAST_MATH = YES;
				ONLY_ACTIVE_ARCH = YES;
				SDKROOT = iphoneos;
				SWIFT_ACTIVE_COMPILATION_CONDITIONS = DEBUG;
				SWIFT_OPTIMIZATION_LEVEL = "-Onone";
			};
			name = Debug;
		};
		C0CB185E2218EB1400FFA06D /* Release */ = {
			isa = XCBuildConfiguration;
			buildSettings = {
				ALWAYS_SEARCH_USER_PATHS = NO;
				CLANG_ANALYZER_NONNULL = YES;
				CLANG_ANALYZER_NUMBER_OBJECT_CONVERSION = YES_AGGRESSIVE;
				CLANG_CXX_LANGUAGE_STANDARD = "gnu++14";
				CLANG_CXX_LIBRARY = "libc++";
				CLANG_ENABLE_MODULES = YES;
				CLANG_ENABLE_OBJC_ARC = YES;
				CLANG_ENABLE_OBJC_WEAK = YES;
				CLANG_WARN_BLOCK_CAPTURE_AUTORELEASING = YES;
				CLANG_WARN_BOOL_CONVERSION = YES;
				CLANG_WARN_COMMA = YES;
				CLANG_WARN_CONSTANT_CONVERSION = YES;
				CLANG_WARN_DEPRECATED_OBJC_IMPLEMENTATIONS = YES;
				CLANG_WARN_DIRECT_OBJC_ISA_USAGE = YES_ERROR;
				CLANG_WARN_DOCUMENTATION_COMMENTS = YES;
				CLANG_WARN_EMPTY_BODY = YES;
				CLANG_WARN_ENUM_CONVERSION = YES;
				CLANG_WARN_INFINITE_RECURSION = YES;
				CLANG_WARN_INT_CONVERSION = YES;
				CLANG_WARN_NON_LITERAL_NULL_CONVERSION = YES;
				CLANG_WARN_OBJC_IMPLICIT_RETAIN_SELF = YES;
				CLANG_WARN_OBJC_LITERAL_CONVERSION = YES;
				CLANG_WARN_OBJC_ROOT_CLASS = YES_ERROR;
				CLANG_WARN_RANGE_LOOP_ANALYSIS = YES;
				CLANG_WARN_STRICT_PROTOTYPES = YES;
				CLANG_WARN_SUSPICIOUS_MOVE = YES;
				CLANG_WARN_UNGUARDED_AVAILABILITY = YES_AGGRESSIVE;
				CLANG_WARN_UNREACHABLE_CODE = YES;
				CLANG_WARN__DUPLICATE_METHOD_MATCH = YES;
				CODE_SIGN_IDENTITY = "iPhone Developer";
				COPY_PHASE_STRIP = NO;
				DEBUG_INFORMATION_FORMAT = "dwarf-with-dsym";
				ENABLE_NS_ASSERTIONS = NO;
				ENABLE_STRICT_OBJC_MSGSEND = YES;
				GCC_C_LANGUAGE_STANDARD = gnu11;
				GCC_NO_COMMON_BLOCKS = YES;
				GCC_WARN_64_TO_32_BIT_CONVERSION = YES;
				GCC_WARN_ABOUT_RETURN_TYPE = YES_ERROR;
				GCC_WARN_UNDECLARED_SELECTOR = YES;
				GCC_WARN_UNINITIALIZED_AUTOS = YES_AGGRESSIVE;
				GCC_WARN_UNUSED_FUNCTION = YES;
				GCC_WARN_UNUSED_VARIABLE = YES;
				IPHONEOS_DEPLOYMENT_TARGET = 12.1;
				MTL_ENABLE_DEBUG_INFO = NO;
				MTL_FAST_MATH = YES;
				SDKROOT = iphoneos;
				SWIFT_COMPILATION_MODE = wholemodule;
				SWIFT_OPTIMIZATION_LEVEL = "-O";
				VALIDATE_PRODUCT = YES;
			};
			name = Release;
		};
		C0CB18602218EB1400FFA06D /* Debug */ = {
			isa = XCBuildConfiguration;
			buildSettings = {
				ASSETCATALOG_COMPILER_APPICON_NAME = AppIcon;
				CODE_SIGN_STYLE = Automatic;
				DEVELOPMENT_TEAM = 6B92RJ5G47;
				INFOPLIST_FILE = Flix/Info.plist;
				LD_RUNPATH_SEARCH_PATHS = (
					"$(inherited)",
					"@executable_path/Frameworks",
				);
				PRODUCT_BUNDLE_IDENTIFIER = RV.Flix;
				PRODUCT_NAME = "$(TARGET_NAME)";
				SWIFT_VERSION = 4.2;
				TARGETED_DEVICE_FAMILY = "1,2";
			};
			name = Debug;
		};
		C0CB18612218EB1400FFA06D /* Release */ = {
			isa = XCBuildConfiguration;
			buildSettings = {
				ASSETCATALOG_COMPILER_APPICON_NAME = AppIcon;
				CODE_SIGN_STYLE = Automatic;
				DEVELOPMENT_TEAM = 6B92RJ5G47;
				INFOPLIST_FILE = Flix/Info.plist;
				LD_RUNPATH_SEARCH_PATHS = (
					"$(inherited)",
					"@executable_path/Frameworks",
				);
				PRODUCT_BUNDLE_IDENTIFIER = RV.Flix;
				PRODUCT_NAME = "$(TARGET_NAME)";
				SWIFT_VERSION = 4.2;
				TARGETED_DEVICE_FAMILY = "1,2";
			};
			name = Release;
		};
		C0CB18632218EB1400FFA06D /* Debug */ = {
			isa = XCBuildConfiguration;
			buildSettings = {
				ALWAYS_EMBED_SWIFT_STANDARD_LIBRARIES = YES;
				BUNDLE_LOADER = "$(TEST_HOST)";
				CODE_SIGN_STYLE = Automatic;
				DEVELOPMENT_TEAM = 6B92RJ5G47;
				INFOPLIST_FILE = FlixTests/Info.plist;
				LD_RUNPATH_SEARCH_PATHS = (
					"$(inherited)",
					"@executable_path/Frameworks",
					"@loader_path/Frameworks",
				);
				PRODUCT_BUNDLE_IDENTIFIER = RV.FlixTests;
				PRODUCT_NAME = "$(TARGET_NAME)";
				SWIFT_VERSION = 4.2;
				TARGETED_DEVICE_FAMILY = "1,2";
				TEST_HOST = "$(BUILT_PRODUCTS_DIR)/Flix.app/Flix";
			};
			name = Debug;
		};
		C0CB18642218EB1400FFA06D /* Release */ = {
			isa = XCBuildConfiguration;
			buildSettings = {
				ALWAYS_EMBED_SWIFT_STANDARD_LIBRARIES = YES;
				BUNDLE_LOADER = "$(TEST_HOST)";
				CODE_SIGN_STYLE = Automatic;
				DEVELOPMENT_TEAM = 6B92RJ5G47;
				INFOPLIST_FILE = FlixTests/Info.plist;
				LD_RUNPATH_SEARCH_PATHS = (
					"$(inherited)",
					"@executable_path/Frameworks",
					"@loader_path/Frameworks",
				);
				PRODUCT_BUNDLE_IDENTIFIER = RV.FlixTests;
				PRODUCT_NAME = "$(TARGET_NAME)";
				SWIFT_VERSION = 4.2;
				TARGETED_DEVICE_FAMILY = "1,2";
				TEST_HOST = "$(BUILT_PRODUCTS_DIR)/Flix.app/Flix";
			};
			name = Release;
		};
		C0CB18662218EB1400FFA06D /* Debug */ = {
			isa = XCBuildConfiguration;
			buildSettings = {
				ALWAYS_EMBED_SWIFT_STANDARD_LIBRARIES = YES;
				CODE_SIGN_STYLE = Automatic;
				DEVELOPMENT_TEAM = 6B92RJ5G47;
				INFOPLIST_FILE = FlixUITests/Info.plist;
				LD_RUNPATH_SEARCH_PATHS = (
					"$(inherited)",
					"@executable_path/Frameworks",
					"@loader_path/Frameworks",
				);
				PRODUCT_BUNDLE_IDENTIFIER = RV.FlixUITests;
				PRODUCT_NAME = "$(TARGET_NAME)";
				SWIFT_VERSION = 4.2;
				TARGETED_DEVICE_FAMILY = "1,2";
				TEST_TARGET_NAME = Flix;
			};
			name = Debug;
		};
		C0CB18672218EB1400FFA06D /* Release */ = {
			isa = XCBuildConfiguration;
			buildSettings = {
				ALWAYS_EMBED_SWIFT_STANDARD_LIBRARIES = YES;
				CODE_SIGN_STYLE = Automatic;
				DEVELOPMENT_TEAM = 6B92RJ5G47;
				INFOPLIST_FILE = FlixUITests/Info.plist;
				LD_RUNPATH_SEARCH_PATHS = (
					"$(inherited)",
					"@executable_path/Frameworks",
					"@loader_path/Frameworks",
				);
				PRODUCT_BUNDLE_IDENTIFIER = RV.FlixUITests;
				PRODUCT_NAME = "$(TARGET_NAME)";
				SWIFT_VERSION = 4.2;
				TARGETED_DEVICE_FAMILY = "1,2";
				TEST_TARGET_NAME = Flix;
			};
			name = Release;
		};
/* End XCBuildConfiguration section */

/* Begin XCConfigurationList section */
		C0CB18322218EB1200FFA06D /* Build configuration list for PBXProject "Flix" */ = {
			isa = XCConfigurationList;
			buildConfigurations = (
				C0CB185D2218EB1400FFA06D /* Debug */,
				C0CB185E2218EB1400FFA06D /* Release */,
			);
			defaultConfigurationIsVisible = 0;
			defaultConfigurationName = Release;
		};
		C0CB185F2218EB1400FFA06D /* Build configuration list for PBXNativeTarget "Flix" */ = {
			isa = XCConfigurationList;
			buildConfigurations = (
				C0CB18602218EB1400FFA06D /* Debug */,
				C0CB18612218EB1400FFA06D /* Release */,
			);
			defaultConfigurationIsVisible = 0;
			defaultConfigurationName = Release;
		};
		C0CB18622218EB1400FFA06D /* Build configuration list for PBXNativeTarget "FlixTests" */ = {
			isa = XCConfigurationList;
			buildConfigurations = (
				C0CB18632218EB1400FFA06D /* Debug */,
				C0CB18642218EB1400FFA06D /* Release */,
			);
			defaultConfigurationIsVisible = 0;
			defaultConfigurationName = Release;
		};
		C0CB18652218EB1400FFA06D /* Build configuration list for PBXNativeTarget "FlixUITests" */ = {
			isa = XCConfigurationList;
			buildConfigurations = (
				C0CB18662218EB1400FFA06D /* Debug */,
				C0CB18672218EB1400FFA06D /* Release */,
			);
			defaultConfigurationIsVisible = 0;
			defaultConfigurationName = Release;
		};
/* End XCConfigurationList section */
	};
	rootObject = C0CB182F2218EB1200FFA06D /* Project object */;
}
